
Microsoft Visual Studio Solution File, Format Version 12.00
# Visual Studio Version 16
VisualStudioVersion = 16.0.30711.63
MinimumVisualStudioVersion = 10.0.40219.1
Project("{F184B08F-C81C-45F6-A57F-5ABD9991F28F}") = "PrintZPL", "PrintZPL.vbproj", "{DDDF81EB-8DE0-4A91-B27F-5ADBE44DA533}"
EndProject
Global
	GlobalSection(SolutionConfigurationPlatforms) = preSolution
		Debug|Any CPU = Debug|Any CPU
		Release|Any CPU = Release|Any CPU
	EndGlobalSection
	GlobalSection(ProjectConfigurationPlatforms) = postSolution
		{DDDF81EB-8DE0-4A91-B27F-5ADBE44DA533}.Debug|Any CPU.ActiveCfg = Debug|Any CPU
		{DDDF81EB-8DE0-4A91-B27F-5ADBE44DA533}.Debug|Any CPU.Build.0 = Debug|Any CPU
		{DDDF81EB-8DE0-4A91-B27F-5ADBE44DA533}.Release|Any CPU.ActiveCfg = Release|Any CPU
		{DDDF81EB-8DE0-4A91-B27F-5ADBE44DA533}.Release|Any CPU.Build.0 = Release|Any CPU
	EndGlobalSection
	GlobalSection(SolutionProperties) = preSolution
		HideSolutionNode = FALSE
	EndGlobalSection
	GlobalSection(ExtensibilityGlobals) = postSolution
		SolutionGuid = {721F383E-65E1-48F0-B675-2E81085152E7}
	EndGlobalSection
EndGlobal
